
Microsoft Visual Studio Solution File, Format Version 12.00
# Visual Studio Version 16
VisualStudioVersion = 16.0.30309.148
MinimumVisualStudioVersion = 10.0.40219.1
Project("{FAE04EC0-301F-11D3-BF4B-00C04F79EFBC}") = "LAB8_5RealityTV", "LAB8_5RealityTV\LAB8_5RealityTV.csproj", "{D2B474F3-D334-4C57-9ADD-5A493F33438C}"
EndProject
Global
	GlobalSection(SolutionConfigurationPlatforms) = preSolution
		Debug|Any CPU = Debug|Any CPU
		Release|Any CPU = Release|Any CPU
	EndGlobalSection
	GlobalSection(ProjectConfigurationPlatforms) = postSolution
		{D2B474F3-D334-4C57-9ADD-5A493F33438C}.Debug|Any CPU.ActiveCfg = Debug|Any CPU
		{D2B474F3-D334-4C57-9ADD-5A493F33438C}.Debug|Any CPU.Build.0 = Debug|Any CPU
		{D2B474F3-D334-4C57-9ADD-5A493F33438C}.Release|Any CPU.ActiveCfg = Release|Any CPU
		{D2B474F3-D334-4C57-9ADD-5A493F33438C}.Release|Any CPU.Build.0 = Release|Any CPU
	EndGlobalSection
	GlobalSection(SolutionProperties) = preSolution
		HideSolutionNode = FALSE
	EndGlobalSection
	GlobalSection(ExtensibilityGlobals) = postSolution
		SolutionGuid = {DB55E307-6EB1-4151-8C4C-7DBD3EBD9F67}
	EndGlobalSection
EndGlobal
